
Microsoft Visual Studio Solution File, Format Version 12.00
# Visual Studio Version 16
VisualStudioVersion = 16.0.29326.143
MinimumVisualStudioVersion = 10.0.40219.1
Project("{FAE04EC0-301F-11D3-BF4B-00C04F79EFBC}") = "test", "test\test.csproj", "{07E2FEF3-A497-4F2B-9A9F-BE8AE534CC04}"
EndProject
Global
	GlobalSection(SolutionConfigurationPlatforms) = preSolution
		Debug|Any CPU = Debug|Any CPU
		Release|Any CPU = Release|Any CPU
	EndGlobalSection
	GlobalSection(ProjectConfigurationPlatforms) = postSolution
		{07E2FEF3-A497-4F2B-9A9F-BE8AE534CC04}.Debug|Any CPU.ActiveCfg = Debug|Any CPU
		{07E2FEF3-A497-4F2B-9A9F-BE8AE534CC04}.Debug|Any CPU.Build.0 = Debug|Any CPU
		{07E2FEF3-A497-4F2B-9A9F-BE8AE534CC04}.Release|Any CPU.ActiveCfg = Release|Any CPU
		{07E2FEF3-A497-4F2B-9A9F-BE8AE534CC04}.Release|Any CPU.Build.0 = Release|Any CPU
	EndGlobalSection
	GlobalSection(SolutionProperties) = preSolution
		HideSolutionNode = FALSE
	EndGlobalSection
	GlobalSection(ExtensibilityGlobals) = postSolution
		SolutionGuid = {BE79D588-FB78-4CB7-A547-05510812BAF2}
	EndGlobalSection
EndGlobal
